# THIS IS AN AUTOGENERATED FILE. DO NOT EDIT THIS FILE DIRECTLY.
# yarn lockfile v1


mina-countdown@^1.0.1:
  version "1.0.1"
  resolved "https://registry.yarnpkg.com/mina-countdown/-/mina-countdown-1.0.1.tgz#ffe2b7b4eb7a021d81c51ebef5395f220ab37d79"
  integrity sha512-8S6R4d+7RalZ+l32CXJ6mQZg9bHvP5ulvVdxShZVLJfxMgzWLNS07HyKbbMdkQh2kYSLX6hbp/PyiJbbV1R/nQ==
  dependencies:
    tiny-timer "^1.6.0"

mina-keyword-highlight@^1.0.0:
  version "1.0.0"
  resolved "https://registry.yarnpkg.com/mina-keyword-highlight/-/mina-keyword-highlight-1.0.0.tgz#09961c94a17421129f58503c57f4eb2c3a150798"
  integrity sha512-TJUzxeybBpT6jti/ZJmzZmDAEKrqtYEyMWiz4ynVfoed3A3ih5MEy0rkfemqliAD6erNGaNOnyykyEazhCAmYw==

mina-tool@^1.0.0:
  version "1.0.0"
  resolved "https://registry.yarnpkg.com/mina-tool/-/mina-tool-1.0.0.tgz#a76843c016759f855df2414595c4d801ad3f0238"
  integrity sha512-5JS+S3O2kY3xyrX1qa0xkkPtSiST0iKMpdTg6622rEXEV+3POZ+Dc9gOsX9l5SLnBfwbrYsbGBAptH9/ZXfLfQ==

mina-touch@^1.0.1:
  version "1.0.1"
  resolved "https://registry.yarnpkg.com/mina-touch/-/mina-touch-1.0.1.tgz#a4692a74bf59cb87576b3a03cfea049ab8b19fab"
  integrity sha512-6TLG639zSDCUwmw1pZIdWRKiQGrSJzHmcIDgZhA6xujdJntY/q2IV/G2kRaVuOz/pjwEavfIEkWIMEQohOiHjA==

mitt@^2.1.0:
  version "2.1.0"
  resolved "https://registry.yarnpkg.com/mitt/-/mitt-2.1.0.tgz#f740577c23176c6205b121b2973514eade1b2230"
  integrity sha512-ILj2TpLiysu2wkBbWjAmww7TkZb65aiQO+DkVdUTBpBXq+MHYiETENkKFMtsJZX1Lf4pe4QOrTSjIfUwN5lRdg==

tiny-timer@^1.6.0:
  version "1.6.0"
  resolved "https://registry.yarnpkg.com/tiny-timer/-/tiny-timer-1.6.0.tgz#bae5a112da9f0246b5a8676c86160718680aae68"
  integrity sha512-2ciJ4w+0EKDRmVihzj8aBxDw2da9L88aTwslhf1Clphwt2NV927N7xH90tqz/M02lziboDkx+IypnnWqzjnv9g==
  dependencies:
    mitt "^2.1.0"
